{
  "originHash" : "2089d19e26564f4607de5a2c8e094830f9ff57c2eccae2662edbdf46a434e587",
  "pins" : [
    {
      "identity" : "mbprogresshud",
      "kind" : "remoteSourceControl",
      "location" : "https://github.com/jdg/MBProgressHUD.git",
      "state" : {
        "revision" : "bca42b801100b2b3a4eda0ba8dd33d858c780b0d",
        "version" : "1.2.0"
      }
    },
    {
      "identity" : "mjrefresh",
      "kind" : "remoteSourceControl",
      "location" : "https://github.com/CoderMJLee/MJRefresh.git",
      "state" : {
        "revision" : "535d39c86e592d73f8b8e75f9bf1eda62ca4a4ce",
        "version" : "3.7.9"
      }
    },
    {
      "identity" : "satorsdkspm",
      "kind" : "remoteSourceControl",
      "location" : "https://github.com/FineaX/SatorSDKSPM",
      "state" : {
        "revision" : "9ba47fe10474f32ee301df98d85c89d9283410f6",
        "version" : "1.0.7"
      }
    }
  ],
  "version" : 3
}
